{
  "name": "actions-security",
  "lockfileVersion": 2,
  "requires": true,
  "packages": {
    "": {
      "workspaces": [
        "./packages/*"
      ]
    },
    "node_modules/@joshblack/add": {
      "resolved": "packages/add",
      "link": true
    },
    "packages/add": {
      "name": "@joshblack/add",
      "version": "0.1.0"
    }
  },
  "dependencies": {
    "@joshblack/add": {
      "version": "file:packages/add"
    }
  }
}
